
Microsoft Visual Studio Solution File, Format Version 12.00
# Visual Studio Version 16
VisualStudioVersion = 16.0.30523.141
MinimumVisualStudioVersion = 10.0.40219.1
Project("{FAE04EC0-301F-11D3-BF4B-00C04F79EFBC}") = "baitap1_60", "baitap1_60\baitap1_60.csproj", "{C824DF0A-7892-42C5-9EFA-31FA87411B5C}"
EndProject
Global
	GlobalSection(SolutionConfigurationPlatforms) = preSolution
		Debug|Any CPU = Debug|Any CPU
		Release|Any CPU = Release|Any CPU
	EndGlobalSection
	GlobalSection(ProjectConfigurationPlatforms) = postSolution
		{C824DF0A-7892-42C5-9EFA-31FA87411B5C}.Debug|Any CPU.ActiveCfg = Debug|Any CPU
		{C824DF0A-7892-42C5-9EFA-31FA87411B5C}.Debug|Any CPU.Build.0 = Debug|Any CPU
		{C824DF0A-7892-42C5-9EFA-31FA87411B5C}.Release|Any CPU.ActiveCfg = Release|Any CPU
		{C824DF0A-7892-42C5-9EFA-31FA87411B5C}.Release|Any CPU.Build.0 = Release|Any CPU
	EndGlobalSection
	GlobalSection(SolutionProperties) = preSolution
		HideSolutionNode = FALSE
	EndGlobalSection
	GlobalSection(ExtensibilityGlobals) = postSolution
		SolutionGuid = {39159925-1F87-4C6A-BCEA-ABB81462ADE0}
	EndGlobalSection
EndGlobal
